
Microsoft Visual Studio Solution File, Format Version 12.00
# Visual Studio Version 16
VisualStudioVersion = 16.0.30114.105
MinimumVisualStudioVersion = 10.0.40219.1
Project("{9A19103F-16F7-4668-BE54-9A1E7A4F7556}") = "FileCabinetApp", "FileCabinetApp\FileCabinetApp.csproj", "{BA160ED3-D8C5-456C-AE96-16E7E808602E}"
EndProject
Project("{FAE04EC0-301F-11D3-BF4B-00C04F79EFBC}") = "FileCabinetGenerator", "FileCabinetGenerator\FileCabinetGenerator.csproj", "{BA4E2A0A-8BD4-4A96-8C0A-DF12986A3AEC}"
EndProject
Global
	GlobalSection(SolutionConfigurationPlatforms) = preSolution
		Debug|Any CPU = Debug|Any CPU
		Debug|x64 = Debug|x64
		Debug|x86 = Debug|x86
		Release|Any CPU = Release|Any CPU
		Release|x64 = Release|x64
		Release|x86 = Release|x86
	EndGlobalSection
	GlobalSection(ProjectConfigurationPlatforms) = postSolution
		{BA160ED3-D8C5-456C-AE96-16E7E808602E}.Debug|Any CPU.ActiveCfg = Debug|Any CPU
		{BA160ED3-D8C5-456C-AE96-16E7E808602E}.Debug|Any CPU.Build.0 = Debug|Any CPU
		{BA160ED3-D8C5-456C-AE96-16E7E808602E}.Debug|x64.ActiveCfg = Debug|Any CPU
		{BA160ED3-D8C5-456C-AE96-16E7E808602E}.Debug|x64.Build.0 = Debug|Any CPU
		{BA160ED3-D8C5-456C-AE96-16E7E808602E}.Debug|x86.ActiveCfg = Debug|Any CPU
		{BA160ED3-D8C5-456C-AE96-16E7E808602E}.Debug|x86.Build.0 = Debug|Any CPU
		{BA160ED3-D8C5-456C-AE96-16E7E808602E}.Release|Any CPU.ActiveCfg = Release|Any CPU
		{BA160ED3-D8C5-456C-AE96-16E7E808602E}.Release|Any CPU.Build.0 = Release|Any CPU
		{BA160ED3-D8C5-456C-AE96-16E7E808602E}.Release|x64.ActiveCfg = Release|Any CPU
		{BA160ED3-D8C5-456C-AE96-16E7E808602E}.Release|x64.Build.0 = Release|Any CPU
		{BA160ED3-D8C5-456C-AE96-16E7E808602E}.Release|x86.ActiveCfg = Release|Any CPU
		{BA160ED3-D8C5-456C-AE96-16E7E808602E}.Release|x86.Build.0 = Release|Any CPU
		{BA4E2A0A-8BD4-4A96-8C0A-DF12986A3AEC}.Debug|Any CPU.ActiveCfg = Debug|Any CPU
		{BA4E2A0A-8BD4-4A96-8C0A-DF12986A3AEC}.Debug|Any CPU.Build.0 = Debug|Any CPU
		{BA4E2A0A-8BD4-4A96-8C0A-DF12986A3AEC}.Debug|x64.ActiveCfg = Debug|Any CPU
		{BA4E2A0A-8BD4-4A96-8C0A-DF12986A3AEC}.Debug|x64.Build.0 = Debug|Any CPU
		{BA4E2A0A-8BD4-4A96-8C0A-DF12986A3AEC}.Debug|x86.ActiveCfg = Debug|Any CPU
		{BA4E2A0A-8BD4-4A96-8C0A-DF12986A3AEC}.Debug|x86.Build.0 = Debug|Any CPU
		{BA4E2A0A-8BD4-4A96-8C0A-DF12986A3AEC}.Release|Any CPU.ActiveCfg = Release|Any CPU
		{BA4E2A0A-8BD4-4A96-8C0A-DF12986A3AEC}.Release|Any CPU.Build.0 = Release|Any CPU
		{BA4E2A0A-8BD4-4A96-8C0A-DF12986A3AEC}.Release|x64.ActiveCfg = Release|Any CPU
		{BA4E2A0A-8BD4-4A96-8C0A-DF12986A3AEC}.Release|x64.Build.0 = Release|Any CPU
		{BA4E2A0A-8BD4-4A96-8C0A-DF12986A3AEC}.Release|x86.ActiveCfg = Release|Any CPU
		{BA4E2A0A-8BD4-4A96-8C0A-DF12986A3AEC}.Release|x86.Build.0 = Release|Any CPU
	EndGlobalSection
	GlobalSection(SolutionProperties) = preSolution
		HideSolutionNode = FALSE
	EndGlobalSection
	GlobalSection(ExtensibilityGlobals) = postSolution
		SolutionGuid = {F5EB3755-3533-413B-B25D-D57AA47555EF}
	EndGlobalSection
EndGlobal
